
Microsoft Visual Studio Solution File, Format Version 12.00
# Visual Studio Version 16
VisualStudioVersion = 16.0.29306.81
MinimumVisualStudioVersion = 10.0.40219.1
Project("{FAE04EC0-301F-11D3-BF4B-00C04F79EFBC}") = "SuperAdventure", "SuperAdventure\SuperAdventure.csproj", "{8672CEC7-4EF1-4FB0-A58F-5CC0F27C4A9D}"
EndProject
Project("{FAE04EC0-301F-11D3-BF4B-00C04F79EFBC}") = "Engine", "Engine\Engine.csproj", "{2F020C01-73CE-4BAA-903B-B6402290E963}"
EndProject
Global
	GlobalSection(SolutionConfigurationPlatforms) = preSolution
		Debug|Any CPU = Debug|Any CPU
		Release|Any CPU = Release|Any CPU
	EndGlobalSection
	GlobalSection(ProjectConfigurationPlatforms) = postSolution
		{8672CEC7-4EF1-4FB0-A58F-5CC0F27C4A9D}.Debug|Any CPU.ActiveCfg = Debug|Any CPU
		{8672CEC7-4EF1-4FB0-A58F-5CC0F27C4A9D}.Debug|Any CPU.Build.0 = Debug|Any CPU
		{8672CEC7-4EF1-4FB0-A58F-5CC0F27C4A9D}.Release|Any CPU.ActiveCfg = Release|Any CPU
		{8672CEC7-4EF1-4FB0-A58F-5CC0F27C4A9D}.Release|Any CPU.Build.0 = Release|Any CPU
		{2F020C01-73CE-4BAA-903B-B6402290E963}.Debug|Any CPU.ActiveCfg = Debug|Any CPU
		{2F020C01-73CE-4BAA-903B-B6402290E963}.Debug|Any CPU.Build.0 = Debug|Any CPU
		{2F020C01-73CE-4BAA-903B-B6402290E963}.Release|Any CPU.ActiveCfg = Release|Any CPU
		{2F020C01-73CE-4BAA-903B-B6402290E963}.Release|Any CPU.Build.0 = Release|Any CPU
	EndGlobalSection
	GlobalSection(SolutionProperties) = preSolution
		HideSolutionNode = FALSE
	EndGlobalSection
	GlobalSection(ExtensibilityGlobals) = postSolution
		SolutionGuid = {BB0806F1-93E9-4845-A9E1-61B32790385D}
	EndGlobalSection
EndGlobal
